
Microsoft Visual Studio Solution File, Format Version 12.00
# Visual Studio Version 17
VisualStudioVersion = 17.4.33403.182
MinimumVisualStudioVersion = 10.0.40219.1
Project("{FAE04EC0-301F-11D3-BF4B-00C04F79EFBC}") = "EventHandlerDemo", "EventHandlerDemo.csproj", "{2C06359D-1D21-412D-82DF-5BEB556FAB71}"
EndProject
Global
	GlobalSection(SolutionConfigurationPlatforms) = preSolution
		Debug|Any CPU = Debug|Any CPU
		Release|Any CPU = Release|Any CPU
	EndGlobalSection
	GlobalSection(ProjectConfigurationPlatforms) = postSolution
		{2C06359D-1D21-412D-82DF-5BEB556FAB71}.Debug|Any CPU.ActiveCfg = Debug|Any CPU
		{2C06359D-1D21-412D-82DF-5BEB556FAB71}.Debug|Any CPU.Build.0 = Debug|Any CPU
		{2C06359D-1D21-412D-82DF-5BEB556FAB71}.Release|Any CPU.ActiveCfg = Release|Any CPU
		{2C06359D-1D21-412D-82DF-5BEB556FAB71}.Release|Any CPU.Build.0 = Release|Any CPU
	EndGlobalSection
	GlobalSection(SolutionProperties) = preSolution
		HideSolutionNode = FALSE
	EndGlobalSection
	GlobalSection(ExtensibilityGlobals) = postSolution
		SolutionGuid = {61B2CE64-EACE-4A10-9699-6C61F928C0ED}
	EndGlobalSection
EndGlobal
